Microsoft Visual Studio Solution File, Format Version 12.00
# Visual Studio 2012
Project("{FAE04EC0-301F-11D3-BF4B-00C04F79EFBC}") = "LD55", "LD55.csproj", "{02E0F1F9-A6C3-4800-A728-1E6C24376665}"
EndProject
Global
	GlobalSection(SolutionConfigurationPlatforms) = preSolution
	Debug|Any CPU = Debug|Any CPU
	ExportDebug|Any CPU = ExportDebug|Any CPU
	ExportRelease|Any CPU = ExportRelease|Any CPU
	EndGlobalSection
	GlobalSection(ProjectConfigurationPlatforms) = postSolution
		{02E0F1F9-A6C3-4800-A728-1E6C24376665}.Debug|Any CPU.ActiveCfg = Debug|Any CPU
		{02E0F1F9-A6C3-4800-A728-1E6C24376665}.Debug|Any CPU.Build.0 = Debug|Any CPU
		{02E0F1F9-A6C3-4800-A728-1E6C24376665}.ExportDebug|Any CPU.ActiveCfg = ExportDebug|Any CPU
		{02E0F1F9-A6C3-4800-A728-1E6C24376665}.ExportDebug|Any CPU.Build.0 = ExportDebug|Any CPU
		{02E0F1F9-A6C3-4800-A728-1E6C24376665}.ExportRelease|Any CPU.ActiveCfg = ExportRelease|Any CPU
		{02E0F1F9-A6C3-4800-A728-1E6C24376665}.ExportRelease|Any CPU.Build.0 = ExportRelease|Any CPU
	EndGlobalSection
EndGlobal
